
Microsoft Visual Studio Solution File, Format Version 12.00
# Visual Studio Version 17
VisualStudioVersion = 17.14.36616.10 d17.14
MinimumVisualStudioVersion = 10.0.40219.1
Project("{FAE04EC0-301F-11D3-BF4B-00C04F79EFBC}") = "MathOperators", "MathOperators\MathOperators.csproj", "{36704A59-1190-4FDB-9477-1C4F750BA6B7}"
EndProject
Global
	GlobalSection(SolutionConfigurationPlatforms) = preSolution
		Debug|Any CPU = Debug|Any CPU
		Release|Any CPU = Release|Any CPU
	EndGlobalSection
	GlobalSection(ProjectConfigurationPlatforms) = postSolution
		{36704A59-1190-4FDB-9477-1C4F750BA6B7}.Debug|Any CPU.ActiveCfg = Debug|Any CPU
		{36704A59-1190-4FDB-9477-1C4F750BA6B7}.Debug|Any CPU.Build.0 = Debug|Any CPU
		{36704A59-1190-4FDB-9477-1C4F750BA6B7}.Release|Any CPU.ActiveCfg = Release|Any CPU
		{36704A59-1190-4FDB-9477-1C4F750BA6B7}.Release|Any CPU.Build.0 = Release|Any CPU
	EndGlobalSection
	GlobalSection(SolutionProperties) = preSolution
		HideSolutionNode = FALSE
	EndGlobalSection
	GlobalSection(ExtensibilityGlobals) = postSolution
		SolutionGuid = {C0EAA94C-41BC-46BB-8C0C-39AB34FC1987}
	EndGlobalSection
EndGlobal
