
Microsoft Visual Studio Solution File, Format Version 12.00
# Visual Studio Version 17
VisualStudioVersion = 17.14.36616.10 d17.14
MinimumVisualStudioVersion = 10.0.40219.1
Project("{FAE04EC0-301F-11D3-BF4B-00C04F79EFBC}") = "TryCatchAssignment", "TryCatchAssignment\TryCatchAssignment.csproj", "{66520AF9-5CDF-41C5-9AFB-2A5A00E7F7F9}"
EndProject
Global
	GlobalSection(SolutionConfigurationPlatforms) = preSolution
		Debug|Any CPU = Debug|Any CPU
		Release|Any CPU = Release|Any CPU
	EndGlobalSection
	GlobalSection(ProjectConfigurationPlatforms) = postSolution
		{66520AF9-5CDF-41C5-9AFB-2A5A00E7F7F9}.Debug|Any CPU.ActiveCfg = Debug|Any CPU
		{66520AF9-5CDF-41C5-9AFB-2A5A00E7F7F9}.Debug|Any CPU.Build.0 = Debug|Any CPU
		{66520AF9-5CDF-41C5-9AFB-2A5A00E7F7F9}.Release|Any CPU.ActiveCfg = Release|Any CPU
		{66520AF9-5CDF-41C5-9AFB-2A5A00E7F7F9}.Release|Any CPU.Build.0 = Release|Any CPU
	EndGlobalSection
	GlobalSection(SolutionProperties) = preSolution
		HideSolutionNode = FALSE
	EndGlobalSection
	GlobalSection(ExtensibilityGlobals) = postSolution
		SolutionGuid = {E34880F8-B1AB-4768-BAD6-FA8249D87236}
	EndGlobalSection
EndGlobal
