
Microsoft Visual Studio Solution File, Format Version 12.00
# Visual Studio Version 17
VisualStudioVersion = 17.14.36616.10 d17.14
MinimumVisualStudioVersion = 10.0.40219.1
Project("{FAE04EC0-301F-11D3-BF4B-00C04F79EFBC}") = "SecondTryCatch", "SecondTryCatch\SecondTryCatch.csproj", "{BEF932C7-EAC3-46A5-9BEC-F7E4D43E75DB}"
EndProject
Global
	GlobalSection(SolutionConfigurationPlatforms) = preSolution
		Debug|Any CPU = Debug|Any CPU
		Release|Any CPU = Release|Any CPU
	EndGlobalSection
	GlobalSection(ProjectConfigurationPlatforms) = postSolution
		{BEF932C7-EAC3-46A5-9BEC-F7E4D43E75DB}.Debug|Any CPU.ActiveCfg = Debug|Any CPU
		{BEF932C7-EAC3-46A5-9BEC-F7E4D43E75DB}.Debug|Any CPU.Build.0 = Debug|Any CPU
		{BEF932C7-EAC3-46A5-9BEC-F7E4D43E75DB}.Release|Any CPU.ActiveCfg = Release|Any CPU
		{BEF932C7-EAC3-46A5-9BEC-F7E4D43E75DB}.Release|Any CPU.Build.0 = Release|Any CPU
	EndGlobalSection
	GlobalSection(SolutionProperties) = preSolution
		HideSolutionNode = FALSE
	EndGlobalSection
	GlobalSection(ExtensibilityGlobals) = postSolution
		SolutionGuid = {4B838D02-53D1-4D7A-BECA-21304492D6C4}
	EndGlobalSection
EndGlobal
