
Microsoft Visual Studio Solution File, Format Version 12.00
# Visual Studio Version 17
VisualStudioVersion = 17.14.36616.10 d17.14
MinimumVisualStudioVersion = 10.0.40219.1
Project("{FAE04EC0-301F-11D3-BF4B-00C04F79EFBC}") = "StringFunctions", "StringFunctions\StringFunctions.csproj", "{BC262E74-CC1A-4EBB-BB44-BF9ACE1CB951}"
EndProject
Global
	GlobalSection(SolutionConfigurationPlatforms) = preSolution
		Debug|Any CPU = Debug|Any CPU
		Release|Any CPU = Release|Any CPU
	EndGlobalSection
	GlobalSection(ProjectConfigurationPlatforms) = postSolution
		{BC262E74-CC1A-4EBB-BB44-BF9ACE1CB951}.Debug|Any CPU.ActiveCfg = Debug|Any CPU
		{BC262E74-CC1A-4EBB-BB44-BF9ACE1CB951}.Debug|Any CPU.Build.0 = Debug|Any CPU
		{BC262E74-CC1A-4EBB-BB44-BF9ACE1CB951}.Release|Any CPU.ActiveCfg = Release|Any CPU
		{BC262E74-CC1A-4EBB-BB44-BF9ACE1CB951}.Release|Any CPU.Build.0 = Release|Any CPU
	EndGlobalSection
	GlobalSection(SolutionProperties) = preSolution
		HideSolutionNode = FALSE
	EndGlobalSection
	GlobalSection(ExtensibilityGlobals) = postSolution
		SolutionGuid = {FE1BF56F-7831-460F-9351-B276ACBA24C5}
	EndGlobalSection
EndGlobal
