
Microsoft Visual Studio Solution File, Format Version 12.00
# Visual Studio Version 17
VisualStudioVersion = 17.14.36616.10 d17.14
MinimumVisualStudioVersion = 10.0.40219.1
Project("{FAE04EC0-301F-11D3-BF4B-00C04F79EFBC}") = "LambdaSubmission", "LambdaSubmission\LambdaSubmission.csproj", "{D222F367-E7B7-4C4B-9936-FC8F26244C22}"
EndProject
Global
	GlobalSection(SolutionConfigurationPlatforms) = preSolution
		Debug|Any CPU = Debug|Any CPU
		Release|Any CPU = Release|Any CPU
	EndGlobalSection
	GlobalSection(ProjectConfigurationPlatforms) = postSolution
		{D222F367-E7B7-4C4B-9936-FC8F26244C22}.Debug|Any CPU.ActiveCfg = Debug|Any CPU
		{D222F367-E7B7-4C4B-9936-FC8F26244C22}.Debug|Any CPU.Build.0 = Debug|Any CPU
		{D222F367-E7B7-4C4B-9936-FC8F26244C22}.Release|Any CPU.ActiveCfg = Release|Any CPU
		{D222F367-E7B7-4C4B-9936-FC8F26244C22}.Release|Any CPU.Build.0 = Release|Any CPU
	EndGlobalSection
	GlobalSection(SolutionProperties) = preSolution
		HideSolutionNode = FALSE
	EndGlobalSection
	GlobalSection(ExtensibilityGlobals) = postSolution
		SolutionGuid = {084026A2-18CC-44D3-8B7D-9E8E95B67C02}
	EndGlobalSection
EndGlobal
