
Microsoft Visual Studio Solution File, Format Version 12.00
# Visual Studio Version 17
VisualStudioVersion = 17.14.36616.10 d17.14
MinimumVisualStudioVersion = 10.0.40219.1
Project("{FAE04EC0-301F-11D3-BF4B-00C04F79EFBC}") = "NumberCruncher", "NumberCruncher\NumberCruncher.csproj", "{6411B107-5B2C-4042-9C4D-93280290EB9A}"
EndProject
Global
	GlobalSection(SolutionConfigurationPlatforms) = preSolution
		Debug|Any CPU = Debug|Any CPU
		Release|Any CPU = Release|Any CPU
	EndGlobalSection
	GlobalSection(ProjectConfigurationPlatforms) = postSolution
		{6411B107-5B2C-4042-9C4D-93280290EB9A}.Debug|Any CPU.ActiveCfg = Debug|Any CPU
		{6411B107-5B2C-4042-9C4D-93280290EB9A}.Debug|Any CPU.Build.0 = Debug|Any CPU
		{6411B107-5B2C-4042-9C4D-93280290EB9A}.Release|Any CPU.ActiveCfg = Release|Any CPU
		{6411B107-5B2C-4042-9C4D-93280290EB9A}.Release|Any CPU.Build.0 = Release|Any CPU
	EndGlobalSection
	GlobalSection(SolutionProperties) = preSolution
		HideSolutionNode = FALSE
	EndGlobalSection
	GlobalSection(ExtensibilityGlobals) = postSolution
		SolutionGuid = {47530577-47A6-4F04-8E95-F74AFA147594}
	EndGlobalSection
EndGlobal
