
Microsoft Visual Studio Solution File, Format Version 12.00
# Visual Studio Version 17
VisualStudioVersion = 17.14.36616.10 d17.14
MinimumVisualStudioVersion = 10.0.40219.1
Project("{FAE04EC0-301F-11D3-BF4B-00C04F79EFBC}") = "OperatorsAssignment", "OperatorsAssignment\OperatorsAssignment.csproj", "{372B3644-2B04-444C-AF3B-07741895970C}"
EndProject
Global
	GlobalSection(SolutionConfigurationPlatforms) = preSolution
		Debug|Any CPU = Debug|Any CPU
		Release|Any CPU = Release|Any CPU
	EndGlobalSection
	GlobalSection(ProjectConfigurationPlatforms) = postSolution
		{372B3644-2B04-444C-AF3B-07741895970C}.Debug|Any CPU.ActiveCfg = Debug|Any CPU
		{372B3644-2B04-444C-AF3B-07741895970C}.Debug|Any CPU.Build.0 = Debug|Any CPU
		{372B3644-2B04-444C-AF3B-07741895970C}.Release|Any CPU.ActiveCfg = Release|Any CPU
		{372B3644-2B04-444C-AF3B-07741895970C}.Release|Any CPU.Build.0 = Release|Any CPU
	EndGlobalSection
	GlobalSection(SolutionProperties) = preSolution
		HideSolutionNode = FALSE
	EndGlobalSection
	GlobalSection(ExtensibilityGlobals) = postSolution
		SolutionGuid = {85191995-8110-4E0E-ABB2-4B46DCB21058}
	EndGlobalSection
EndGlobal
