
Microsoft Visual Studio Solution File, Format Version 12.00
# Visual Studio Version 17
VisualStudioVersion = 17.14.36616.10 d17.14
MinimumVisualStudioVersion = 10.0.40219.1
Project("{FAE04EC0-301F-11D3-BF4B-00C04F79EFBC}") = "PolymorphismAssignment", "PolymorphismAssignment\PolymorphismAssignment.csproj", "{A11A1DAD-9B1A-4C49-952F-2F7993C2D9FB}"
EndProject
Global
	GlobalSection(SolutionConfigurationPlatforms) = preSolution
		Debug|Any CPU = Debug|Any CPU
		Release|Any CPU = Release|Any CPU
	EndGlobalSection
	GlobalSection(ProjectConfigurationPlatforms) = postSolution
		{A11A1DAD-9B1A-4C49-952F-2F7993C2D9FB}.Debug|Any CPU.ActiveCfg = Debug|Any CPU
		{A11A1DAD-9B1A-4C49-952F-2F7993C2D9FB}.Debug|Any CPU.Build.0 = Debug|Any CPU
		{A11A1DAD-9B1A-4C49-952F-2F7993C2D9FB}.Release|Any CPU.ActiveCfg = Release|Any CPU
		{A11A1DAD-9B1A-4C49-952F-2F7993C2D9FB}.Release|Any CPU.Build.0 = Release|Any CPU
	EndGlobalSection
	GlobalSection(SolutionProperties) = preSolution
		HideSolutionNode = FALSE
	EndGlobalSection
	GlobalSection(ExtensibilityGlobals) = postSolution
		SolutionGuid = {69C84195-867A-4A82-8AAD-099E9CFEBBFE}
	EndGlobalSection
EndGlobal
